
Microsoft Visual Studio Solution File, Format Version 12.00
# Visual Studio Version 16
VisualStudioVersion = 16.0.30804.86
MinimumVisualStudioVersion = 10.0.40219.1
Project("{9A19103F-16F7-4668-BE54-9A1E7A4F7556}") = "Number", "Number\Number.csproj", "{15FD30E1-3741-4BF0-A253-7EBFA19C267C}"
EndProject
Project("{9A19103F-16F7-4668-BE54-9A1E7A4F7556}") = "Tests", "Tests\Tests.csproj", "{7884E6C7-A5E8-4148-80C7-527FC86892A8}"
EndProject
Project("{FAE04EC0-301F-11D3-BF4B-00C04F79EFBC}") = "Domain", "Domain\Domain.csproj", "{ABACACF7-4DD1-4018-B3FC-3037E5FD3136}"
EndProject
Global
	GlobalSection(SolutionConfigurationPlatforms) = preSolution
		Debug|Any CPU = Debug|Any CPU
		Release|Any CPU = Release|Any CPU
	EndGlobalSection
	GlobalSection(ProjectConfigurationPlatforms) = postSolution
		{15FD30E1-3741-4BF0-A253-7EBFA19C267C}.Debug|Any CPU.ActiveCfg = Debug|Any CPU
		{15FD30E1-3741-4BF0-A253-7EBFA19C267C}.Debug|Any CPU.Build.0 = Debug|Any CPU
		{15FD30E1-3741-4BF0-A253-7EBFA19C267C}.Release|Any CPU.ActiveCfg = Release|Any CPU
		{15FD30E1-3741-4BF0-A253-7EBFA19C267C}.Release|Any CPU.Build.0 = Release|Any CPU
		{7884E6C7-A5E8-4148-80C7-527FC86892A8}.Debug|Any CPU.ActiveCfg = Debug|Any CPU
		{7884E6C7-A5E8-4148-80C7-527FC86892A8}.Debug|Any CPU.Build.0 = Debug|Any CPU
		{7884E6C7-A5E8-4148-80C7-527FC86892A8}.Release|Any CPU.ActiveCfg = Release|Any CPU
		{7884E6C7-A5E8-4148-80C7-527FC86892A8}.Release|Any CPU.Build.0 = Release|Any CPU
		{ABACACF7-4DD1-4018-B3FC-3037E5FD3136}.Debug|Any CPU.ActiveCfg = Debug|Any CPU
		{ABACACF7-4DD1-4018-B3FC-3037E5FD3136}.Debug|Any CPU.Build.0 = Debug|Any CPU
		{ABACACF7-4DD1-4018-B3FC-3037E5FD3136}.Release|Any CPU.ActiveCfg = Release|Any CPU
		{ABACACF7-4DD1-4018-B3FC-3037E5FD3136}.Release|Any CPU.Build.0 = Release|Any CPU
	EndGlobalSection
	GlobalSection(SolutionProperties) = preSolution
		HideSolutionNode = FALSE
	EndGlobalSection
	GlobalSection(ExtensibilityGlobals) = postSolution
		SolutionGuid = {34F5E867-46B8-4832-8F02-57C710667781}
	EndGlobalSection
EndGlobal
